
Microsoft Visual Studio Solution File, Format Version 12.00
# Visual Studio Version 17
VisualStudioVersion = 17.12.35521.163 d17.12
MinimumVisualStudioVersion = 10.0.40219.1
Project("{FAE04EC0-301F-11D3-BF4B-00C04F79EFBC}") = "CsvToSqlETL", "CsvToSqlETL\CsvToSqlETL.csproj", "{9C0FDAA7-B145-43A3-9A6D-BFCBC5D17A07}"
EndProject
Project("{E53339B2-1760-4266-BCC7-CA923CBCF16C}") = "docker-compose", "docker-compose.dcproj", "{539F1A5C-B348-4AD8-895C-D3491B47285F}"
EndProject
Project("{2150E333-8FDC-42A3-9474-1A3956D46DE8}") = "Sql", "Sql", "{48977542-6FD5-46DC-BD62-8AC44D97E0A9}"
	ProjectSection(SolutionItems) = preProject
		add-indexes.sql = add-indexes.sql
		create-table.sql = create-table.sql
		delete-and-create-db.sql = delete-and-create-db.sql
	EndProjectSection
EndProject
Global
	GlobalSection(SolutionConfigurationPlatforms) = preSolution
		Debug|Any CPU = Debug|Any CPU
		Release|Any CPU = Release|Any CPU
	EndGlobalSection
	GlobalSection(ProjectConfigurationPlatforms) = postSolution
		{9C0FDAA7-B145-43A3-9A6D-BFCBC5D17A07}.Debug|Any CPU.ActiveCfg = Debug|Any CPU
		{9C0FDAA7-B145-43A3-9A6D-BFCBC5D17A07}.Debug|Any CPU.Build.0 = Debug|Any CPU
		{9C0FDAA7-B145-43A3-9A6D-BFCBC5D17A07}.Release|Any CPU.ActiveCfg = Release|Any CPU
		{9C0FDAA7-B145-43A3-9A6D-BFCBC5D17A07}.Release|Any CPU.Build.0 = Release|Any CPU
		{539F1A5C-B348-4AD8-895C-D3491B47285F}.Debug|Any CPU.ActiveCfg = Debug|Any CPU
		{539F1A5C-B348-4AD8-895C-D3491B47285F}.Debug|Any CPU.Build.0 = Debug|Any CPU
		{539F1A5C-B348-4AD8-895C-D3491B47285F}.Release|Any CPU.ActiveCfg = Release|Any CPU
		{539F1A5C-B348-4AD8-895C-D3491B47285F}.Release|Any CPU.Build.0 = Release|Any CPU
	EndGlobalSection
	GlobalSection(SolutionProperties) = preSolution
		HideSolutionNode = FALSE
	EndGlobalSection
EndGlobal
